Microsoft Visual Studio Solution File, Format Version 11.00
# Visual Studio 2010
Project("{FAE04EC0-301F-11D3-BF4B-00C04F79EFBC}") = "DeepLinkIntegration", "DeepLinkIntegration.csproj", "{119A0FC1-BCB8-DD5E-C47C-BB11D01A86F7}"
EndProject
Project("{FAE04EC0-301F-11D3-BF4B-00C04F79EFBC}") = "Core", "Core.csproj", "{7DAD7ABE-A273-96A8-C08A-A8965F9D992B}"
EndProject
Global
	GlobalSection(SolutionConfigurationPlatforms) = preSolution
		Debug|Any CPU = Debug|Any CPU
		Release|Any CPU = Release|Any CPU
	EndGlobalSection
	GlobalSection(ProjectConfigurationPlatforms) = postSolution
		{119A0FC1-BCB8-DD5E-C47C-BB11D01A86F7}.Debug|Any CPU.ActiveCfg = Debug|Any CPU
		{119A0FC1-BCB8-DD5E-C47C-BB11D01A86F7}.Debug|Any CPU.Build.0 = Debug|Any CPU
		{119A0FC1-BCB8-DD5E-C47C-BB11D01A86F7}.Release|Any CPU.ActiveCfg = Release|Any CPU
		{119A0FC1-BCB8-DD5E-C47C-BB11D01A86F7}.Release|Any CPU.Build.0 = Release|Any CPU
		{7DAD7ABE-A273-96A8-C08A-A8965F9D992B}.Debug|Any CPU.ActiveCfg = Debug|Any CPU
		{7DAD7ABE-A273-96A8-C08A-A8965F9D992B}.Debug|Any CPU.Build.0 = Debug|Any CPU
		{7DAD7ABE-A273-96A8-C08A-A8965F9D992B}.Release|Any CPU.ActiveCfg = Release|Any CPU
		{7DAD7ABE-A273-96A8-C08A-A8965F9D992B}.Release|Any CPU.Build.0 = Release|Any CPU
	EndGlobalSection
	GlobalSection(SolutionProperties) = preSolution
		HideSolutionNode = FALSE
	EndGlobalSection
	GlobalSection(MonoDevelopProperties) = preSolution
		StartupItem = Assembly-CSharp.csproj
	EndGlobalSection
EndGlobal
